
Microsoft Visual Studio Solution File, Format Version 12.00
# Visual Studio Version 16
VisualStudioVersion = 16.0.29306.81
MinimumVisualStudioVersion = 10.0.40219.1
Project("{FAE04EC0-301F-11D3-BF4B-00C04F79EFBC}") = "Client", "Client\Client.csproj", "{5BA1B2F3-33DF-470A-B7F7-0E7265811E7E}"
EndProject
Project("{FAE04EC0-301F-11D3-BF4B-00C04F79EFBC}") = "CentralServer", "CentralServer\CentralServer.csproj", "{C74486F9-AC82-4CFF-8D21-47D3DF77F99D}"
EndProject
Project("{FAE04EC0-301F-11D3-BF4B-00C04F79EFBC}") = "MonitoringServer", "MonitoringServer\MonitoringServer.csproj", "{8869D144-7A13-4428-937F-75AB47F32761}"
EndProject
Project("{FAE04EC0-301F-11D3-BF4B-00C04F79EFBC}") = "Common", "Common\Common.csproj", "{0C05FC6A-D69C-4B9C-9898-1B66F10D7027}"
EndProject
Project("{FAE04EC0-301F-11D3-BF4B-00C04F79EFBC}") = "MonitoringCommon", "MonitoringCommon\MonitoringCommon.csproj", "{7DDABFD6-05E3-4309-B6F9-6F0D1C27750A}"
EndProject
Global
	GlobalSection(SolutionConfigurationPlatforms) = preSolution
		Debug|Any CPU = Debug|Any CPU
		Release|Any CPU = Release|Any CPU
	EndGlobalSection
	GlobalSection(ProjectConfigurationPlatforms) = postSolution
		{5BA1B2F3-33DF-470A-B7F7-0E7265811E7E}.Debug|Any CPU.ActiveCfg = Debug|Any CPU
		{5BA1B2F3-33DF-470A-B7F7-0E7265811E7E}.Debug|Any CPU.Build.0 = Debug|Any CPU
		{5BA1B2F3-33DF-470A-B7F7-0E7265811E7E}.Release|Any CPU.ActiveCfg = Release|Any CPU
		{5BA1B2F3-33DF-470A-B7F7-0E7265811E7E}.Release|Any CPU.Build.0 = Release|Any CPU
		{C74486F9-AC82-4CFF-8D21-47D3DF77F99D}.Debug|Any CPU.ActiveCfg = Debug|Any CPU
		{C74486F9-AC82-4CFF-8D21-47D3DF77F99D}.Debug|Any CPU.Build.0 = Debug|Any CPU
		{C74486F9-AC82-4CFF-8D21-47D3DF77F99D}.Release|Any CPU.ActiveCfg = Release|Any CPU
		{C74486F9-AC82-4CFF-8D21-47D3DF77F99D}.Release|Any CPU.Build.0 = Release|Any CPU
		{8869D144-7A13-4428-937F-75AB47F32761}.Debug|Any CPU.ActiveCfg = Debug|Any CPU
		{8869D144-7A13-4428-937F-75AB47F32761}.Debug|Any CPU.Build.0 = Debug|Any CPU
		{8869D144-7A13-4428-937F-75AB47F32761}.Release|Any CPU.ActiveCfg = Release|Any CPU
		{8869D144-7A13-4428-937F-75AB47F32761}.Release|Any CPU.Build.0 = Release|Any CPU
		{0C05FC6A-D69C-4B9C-9898-1B66F10D7027}.Debug|Any CPU.ActiveCfg = Debug|Any CPU
		{0C05FC6A-D69C-4B9C-9898-1B66F10D7027}.Debug|Any CPU.Build.0 = Debug|Any CPU
		{0C05FC6A-D69C-4B9C-9898-1B66F10D7027}.Release|Any CPU.ActiveCfg = Release|Any CPU
		{0C05FC6A-D69C-4B9C-9898-1B66F10D7027}.Release|Any CPU.Build.0 = Release|Any CPU
		{7DDABFD6-05E3-4309-B6F9-6F0D1C27750A}.Debug|Any CPU.ActiveCfg = Debug|Any CPU
		{7DDABFD6-05E3-4309-B6F9-6F0D1C27750A}.Debug|Any CPU.Build.0 = Debug|Any CPU
		{7DDABFD6-05E3-4309-B6F9-6F0D1C27750A}.Release|Any CPU.ActiveCfg = Release|Any CPU
		{7DDABFD6-05E3-4309-B6F9-6F0D1C27750A}.Release|Any CPU.Build.0 = Release|Any CPU
	EndGlobalSection
	GlobalSection(SolutionProperties) = preSolution
		HideSolutionNode = FALSE
	EndGlobalSection
	GlobalSection(ExtensibilityGlobals) = postSolution
		SolutionGuid = {8EAF96A2-E78B-4C51-B20A-629102F1E766}
	EndGlobalSection
EndGlobal
